
Microsoft Visual Studio Solution File, Format Version 12.00
# Visual Studio Version 17
VisualStudioVersion = 17.14.36109.1 d17.14
MinimumVisualStudioVersion = 10.0.40219.1
Project("{FAE04EC0-301F-11D3-BF4B-00C04F79EFBC}") = "DusaranFinalProject", "DusaranFinalProject\DusaranFinalProject.csproj", "{D87EE53A-A3E8-45FB-B7CC-FD3150B97C90}"
EndProject
Global
	GlobalSection(SolutionConfigurationPlatforms) = preSolution
		Debug|Any CPU = Debug|Any CPU
		Release|Any CPU = Release|Any CPU
	EndGlobalSection
	GlobalSection(ProjectConfigurationPlatforms) = postSolution
		{D87EE53A-A3E8-45FB-B7CC-FD3150B97C90}.Debug|Any CPU.ActiveCfg = Debug|Any CPU
		{D87EE53A-A3E8-45FB-B7CC-FD3150B97C90}.Debug|Any CPU.Build.0 = Debug|Any CPU
		{D87EE53A-A3E8-45FB-B7CC-FD3150B97C90}.Release|Any CPU.ActiveCfg = Release|Any CPU
		{D87EE53A-A3E8-45FB-B7CC-FD3150B97C90}.Release|Any CPU.Build.0 = Release|Any CPU
	EndGlobalSection
	GlobalSection(SolutionProperties) = preSolution
		HideSolutionNode = FALSE
	EndGlobalSection
	GlobalSection(ExtensibilityGlobals) = postSolution
		SolutionGuid = {EB2CF985-DD8F-4E39-B6D4-41E77BAC6C09}
	EndGlobalSection
EndGlobal
